// !$*UTF8*$!
{
	archiveVersion = 1;
	classes = {
	};
	objectVersion = 70;
	objects = {

/* Begin PBXBuildFile section */
		20366C772F21E146003AB342 /* District.swift in Sources */ = {isa = PBXBuildFile; fileRef = 20366C762F21E146003AB342 /* District.swift */; };
		20366C7A2F21E150003AB342 /* DistrictSelectionView.swift in Sources */ = {isa = PBXBuildFile; fileRef = 20366C782F21E150003AB342 /* DistrictSelectionView.swift */; };
		20366C7B2F21E150003AB342 /* OnboardingView.swift in Sources */ = {isa = PBXBuildFile; fileRef = 20366C792F21E150003AB342 /* OnboardingView.swift */; };
		20366C7D2F21E15A003AB342 /* DistrictStore.swift in Sources */ = {isa = PBXBuildFile; fileRef = 20366C7C2F21E15A003AB342 /* DistrictStore.swift */; };
		20366C7F2F21E16F003AB342 /* districts.json in Resources */ = {isa = PBXBuildFile; fileRef = 20366C7E2F21E16F003AB342 /* districts.json */; };
		20BC29AC2F00857800ABE913 /* funny_ring.caf in Resources */ = {isa = PBXBuildFile; fileRef = 20BC29AB2F00857800ABE913 /* funny_ring.caf */; };
		20BC29AD2F00857800ABE913 /* click_ring.caf in Resources */ = {isa = PBXBuildFile; fileRef = 20BC29AA2F00857800ABE913 /* click_ring.caf */; };
		20BC29B12F01015800ABE913 /* kid_shouting_1.caf in Resources */ = {isa = PBXBuildFile; fileRef = 20BC29AF2F01015800ABE913 /* kid_shouting_1.caf */; };
		20BC29B22F01015800ABE913 /* kid_shouting_2.caf in Resources */ = {isa = PBXBuildFile; fileRef = 20BC29B02F01015800ABE913 /* kid_shouting_2.caf */; };
		20BEF3CA2F0CA0EE0059D190 /* reveille.caf in Resources */ = {isa = PBXBuildFile; fileRef = 20BEF3C92F0CA0EE0059D190 /* reveille.caf */; };
		20CD77D12F26004300535720 /* CustomSoundManager.swift in Sources */ = {isa = PBXBuildFile; fileRef = 20CD77D02F26004300535720 /* CustomSoundManager.swift */; };
		20CD77D32F26005600535720 /* SoundSelectionView.swift in Sources */ = {isa = PBXBuildFile; fileRef = 20CD77D22F26005600535720 /* SoundSelectionView.swift */; };
		20DB188A2F208ED7005B898A /* WidgetKit.framework in Frameworks */ = {isa = PBXBuildFile; fileRef = 20DB18892F208ED7005B898A /* WidgetKit.framework */; };
		20DB188C2F208ED7005B898A /* SwiftUI.framework in Frameworks */ = {isa = PBXBuildFile; fileRef = 20DB188B2F208ED7005B898A /* SwiftUI.framework */; };
		20DB18992F208ED9005B898A /* SchoolAlarmWidgetsExtension.appex in Embed Foundation Extensions */ = {isa = PBXBuildFile; fileRef = 20DB18872F208ED7005B898A /* SchoolAlarmWidgetsExtension.appex */; settings = {ATTRIBUTES = (RemoveHeadersOnCopy, ); }; };
		20DB18DE2F20A33F005B898A /* AlarmKitManager.swift in Sources */ = {isa = PBXBuildFile; fileRef = 20DB18DD2F20A33F005B898A /* AlarmKitManager.swift */; };
		20EDDF6F2F29648800A46C5D /* DeepLinkManager.swift in Sources */ = {isa = PBXBuildFile; fileRef = 20EDDF6E2F29648800A46C5D /* DeepLinkManager.swift */; };
		A11111110000000000000001 /* SchoolAlarmApp.swift in Sources */ = {isa = PBXBuildFile; fileRef = A00000000000000000000001 /* SchoolAlarmApp.swift */; };
		A11111110000000000000002 /* ContentView.swift in Sources */ = {isa = PBXBuildFile; fileRef = A00000000000000000000002 /* ContentView.swift */; };
		A11111110000000000000003 /* Alarm.swift in Sources */ = {isa = PBXBuildFile; fileRef = A00000000000000000000003 /* Alarm.swift */; };
		A11111110000000000000004 /* SchoolCalendar.swift in Sources */ = {isa = PBXBuildFile; fileRef = A00000000000000000000004 /* SchoolCalendar.swift */; };
		A11111110000000000000005 /* ICSParser.swift in Sources */ = {isa = PBXBuildFile; fileRef = A00000000000000000000005 /* ICSParser.swift */; };
		A11111110000000000000006 /* CalendarService.swift in Sources */ = {isa = PBXBuildFile; fileRef = A00000000000000000000006 /* CalendarService.swift */; };
		A11111110000000000000008 /* AlarmEditView.swift in Sources */ = {isa = PBXBuildFile; fileRef = A00000000000000000000008 /* AlarmEditView.swift */; };
		A11111110000000000000010 /* CalendarView.swift in Sources */ = {isa = PBXBuildFile; fileRef = A00000000000000000000010 /* CalendarView.swift */; };
		A11111110000000000000011 /* Assets.xcassets in Resources */ = {isa = PBXBuildFile; fileRef = A00000000000000000000011 /* Assets.xcassets */; };
		A11111110000000000000012 /* OverrideModels.swift in Sources */ = {isa = PBXBuildFile; fileRef = A00000000000000000000012 /* OverrideModels.swift */; };
		A11111110000000000000013 /* OverrideStore.swift in Sources */ = {isa = PBXBuildFile; fileRef = A00000000000000000000013 /* OverrideStore.swift */; };
		A11111110000000000000014 /* WeeklyRuleEditView.swift in Sources */ = {isa = PBXBuildFile; fileRef = A00000000000000000000014 /* WeeklyRuleEditView.swift */; };
		A11111110000000000000015 /* DateOverrideEditView.swift in Sources */ = {isa = PBXBuildFile; fileRef = A00000000000000000000015 /* DateOverrideEditView.swift */; };
/* End PBXBuildFile section */

/* Begin PBXContainerItemProxy section */
		20DB18972F208ED9005B898A /* PBXContainerItemProxy */ = {
			isa = PBXContainerItemProxy;
			containerPortal = E00000000000000000000010 /* Project object */;
			proxyType = 1;
			remoteGlobalIDString = 20DB18862F208ED7005B898A;
			remoteInfo = SchoolAlarmWidgetsExtension;
		};
/* End PBXContainerItemProxy section */

/* Begin PBXCopyFilesBuildPhase section */
		20DB189A2F208ED9005B898A /* Embed Foundation Extensions */ = {
			isa = PBXCopyFilesBuildPhase;
			buildActionMask = 2147483647;
			dstPath = "";
			dstSubfolderSpec = 13;
			files = (
				20DB18992F208ED9005B898A /* SchoolAlarmWidgetsExtension.appex in Embed Foundation Extensions */,
			);
			name = "Embed Foundation Extensions";
			runOnlyForDeploymentPostprocessing = 0;
		};
/* End PBXCopyFilesBuildPhase section */

/* Begin PBXFileReference section */
		20366C762F21E146003AB342 /* District.swift */ = {isa = PBXFileReference; lastKnownFileType = sourcecode.swift; path = District.swift; sourceTree = "<group>"; };
		20366C782F21E150003AB342 /* DistrictSelectionView.swift */ = {isa = PBXFileReference; lastKnownFileType = sourcecode.swift; path = DistrictSelectionView.swift; sourceTree = "<group>"; };
		20366C792F21E150003AB342 /* OnboardingView.swift */ = {isa = PBXFileReference; lastKnownFileType = sourcecode.swift; path = OnboardingView.swift; sourceTree = "<group>"; };
		20366C7C2F21E15A003AB342 /* DistrictStore.swift */ = {isa = PBXFileReference; lastKnownFileType = sourcecode.swift; path = DistrictStore.swift; sourceTree = "<group>"; };
		20366C7E2F21E16F003AB342 /* districts.json */ = {isa = PBXFileReference; lastKnownFileType = text.json; path = districts.json; sourceTree = "<group>"; };
		20BC29AA2F00857800ABE913 /* click_ring.caf */ = {isa = PBXFileReference; lastKnownFileType = file; path = click_ring.caf; sourceTree = "<group>"; };
		20BC29AB2F00857800ABE913 /* funny_ring.caf */ = {isa = PBXFileReference; lastKnownFileType = file; path = funny_ring.caf; sourceTree = "<group>"; };
		20BC29AE2F00985900ABE913 /* SchoolAlarm.entitlements */ = {isa = PBXFileReference; lastKnownFileType = text.plist.entitlements; path = SchoolAlarm.entitlements; sourceTree = "<group>"; };
		20BC29AF2F01015800ABE913 /* kid_shouting_1.caf */ = {isa = PBXFileReference; lastKnownFileType = file; path = kid_shouting_1.caf; sourceTree = "<group>"; };
		20BC29B02F01015800ABE913 /* kid_shouting_2.caf */ = {isa = PBXFileReference; lastKnownFileType = file; path = kid_shouting_2.caf; sourceTree = "<group>"; };
		20BEF3C92F0CA0EE0059D190 /* reveille.caf */ = {isa = PBXFileReference; lastKnownFileType = file; path = reveille.caf; sourceTree = "<group>"; };
		20CD77D02F26004300535720 /* CustomSoundManager.swift */ = {isa = PBXFileReference; lastKnownFileType = sourcecode.swift; path = CustomSoundManager.swift; sourceTree = "<group>"; };
		20CD77D22F26005600535720 /* SoundSelectionView.swift */ = {isa = PBXFileReference; lastKnownFileType = sourcecode.swift; path = SoundSelectionView.swift; sourceTree = "<group>"; };
		20DB18872F208ED7005B898A /* SchoolAlarmWidgetsExtension.appex */ = {isa = PBXFileReference; explicitFileType = "wrapper.app-extension"; includeInIndex = 0; path = SchoolAlarmWidgetsExtension.appex; sourceTree = BUILT_PRODUCTS_DIR; };
		20DB18892F208ED7005B898A /* WidgetKit.framework */ = {isa = PBXFileReference; lastKnownFileType = wrapper.framework; name = WidgetKit.framework; path = System/Library/Frameworks/WidgetKit.framework; sourceTree = SDKROOT; };
		20DB188B2F208ED7005B898A /* SwiftUI.framework */ = {isa = PBXFileReference; lastKnownFileType = wrapper.framework; name = SwiftUI.framework; path = System/Library/Frameworks/SwiftUI.framework; sourceTree = SDKROOT; };
		20DB18DD2F20A33F005B898A /* AlarmKitManager.swift */ = {isa = PBXFileReference; lastKnownFileType = sourcecode.swift; path = AlarmKitManager.swift; sourceTree = "<group>"; };
		20EDDF6E2F29648800A46C5D /* DeepLinkManager.swift */ = {isa = PBXFileReference; lastKnownFileType = sourcecode.swift; path = DeepLinkManager.swift; sourceTree = "<group>"; };
		A00000000000000000000001 /* SchoolAlarmApp.swift */ = {isa = PBXFileReference; lastKnownFileType = sourcecode.swift; path = SchoolAlarmApp.swift; sourceTree = "<group>"; };
		A00000000000000000000002 /* ContentView.swift */ = {isa = PBXFileReference; lastKnownFileType = sourcecode.swift; path = ContentView.swift; sourceTree = "<group>"; };
		A00000000000000000000003 /* Alarm.swift */ = {isa = PBXFileReference; lastKnownFileType = sourcecode.swift; path = Alarm.swift; sourceTree = "<group>"; };
		A00000000000000000000004 /* SchoolCalendar.swift */ = {isa = PBXFileReference; lastKnownFileType = sourcecode.swift; path = SchoolCalendar.swift; sourceTree = "<group>"; };
		A00000000000000000000005 /* ICSParser.swift */ = {isa = PBXFileReference; lastKnownFileType = sourcecode.swift; path = ICSParser.swift; sourceTree = "<group>"; };
		A00000000000000000000006 /* CalendarService.swift */ = {isa = PBXFileReference; lastKnownFileType = sourcecode.swift; path = CalendarService.swift; sourceTree = "<group>"; };
		A00000000000000000000008 /* AlarmEditView.swift */ = {isa = PBXFileReference; lastKnownFileType = sourcecode.swift; path = AlarmEditView.swift; sourceTree = "<group>"; };
		A00000000000000000000010 /* CalendarView.swift */ = {isa = PBXFileReference; lastKnownFileType = sourcecode.swift; path = CalendarView.swift; sourceTree = "<group>"; };
		A00000000000000000000011 /* Assets.xcassets */ = {isa = PBXFileReference; lastKnownFileType = folder.assetcatalog; path = Assets.xcassets; sourceTree = "<group>"; };
		A00000000000000000000012 /* OverrideModels.swift */ = {isa = PBXFileReference; lastKnownFileType = sourcecode.swift; path = OverrideModels.swift; sourceTree = "<group>"; };
		A00000000000000000000013 /* OverrideStore.swift */ = {isa = PBXFileReference; lastKnownFileType = sourcecode.swift; path = OverrideStore.swift; sourceTree = "<group>"; };
		A00000000000000000000014 /* WeeklyRuleEditView.swift */ = {isa = PBXFileReference; lastKnownFileType = sourcecode.swift; path = WeeklyRuleEditView.swift; sourceTree = "<group>"; };
		A00000000000000000000015 /* DateOverrideEditView.swift */ = {isa = PBXFileReference; lastKnownFileType = sourcecode.swift; path = DateOverrideEditView.swift; sourceTree = "<group>"; };
		B00000000000000000000001 /* SchoolAlarm.app */ = {isa = PBXFileReference; explicitFileType = wrapper.application; includeInIndex = 0; path = SchoolAlarm.app; sourceTree = BUILT_PRODUCTS_DIR; };
/* End PBXFileReference section */

/* Begin PBXFileSystemSynchronizedBuildFileExceptionSet section */
		20DB189D2F208ED9005B898A /* PBXFileSystemSynchronizedBuildFileExceptionSet */ = {
			isa = PBXFileSystemSynchronizedBuildFileExceptionSet;
			membershipExceptions = (
				Info.plist,
			);
			target = 20DB18862F208ED7005B898A /* SchoolAlarmWidgetsExtension */;
		};
		20DB18B02F209EE9005B898A /* PBXFileSystemSynchronizedBuildFileExceptionSet */ = {
			isa = PBXFileSystemSynchronizedBuildFileExceptionSet;
			membershipExceptions = (
				AlarmAttributes.swift,
			);
			target = E00000000000000000000001 /* SchoolAlarm */;
		};
/* End PBXFileSystemSynchronizedBuildFileExceptionSet section */

/* Begin PBXFileSystemSynchronizedRootGroup section */
		20DB188D2F208ED7005B898A /* SchoolAlarmWidgets */ = {isa = PBXFileSystemSynchronizedRootGroup; exceptions = (20DB18B02F209EE9005B898A /* PBXFileSystemSynchronizedBuildFileExceptionSet */, 20DB189D2F208ED9005B898A /* PBXFileSystemSynchronizedBuildFileExceptionSet */, ); explicitFileTypes = {}; explicitFolders = (); path = SchoolAlarmWidgets; sourceTree = "<group>"; };
/* End PBXFileSystemSynchronizedRootGroup section */

/* Begin PBXFrameworksBuildPhase section */
		20DB18842F208ED7005B898A /* Frameworks */ = {
			isa = PBXFrameworksBuildPhase;
			buildActionMask = 2147483647;
			files = (
				20DB188C2F208ED7005B898A /* SwiftUI.framework in Frameworks */,
				20DB188A2F208ED7005B898A /* WidgetKit.framework in Frameworks */,
			);
			runOnlyForDeploymentPostprocessing = 0;
		};
		C00000000000000000000001 /* Frameworks */ = {
			isa = PBXFrameworksBuildPhase;
			buildActionMask = 2147483647;
			files = (
			);
			runOnlyForDeploymentPostprocessing = 0;
		};
/* End PBXFrameworksBuildPhase section */

/* Begin PBXGroup section */
		20DB18882F208ED7005B898A /* Frameworks */ = {
			isa = PBXGroup;
			children = (
				20DB18892F208ED7005B898A /* WidgetKit.framework */,
				20DB188B2F208ED7005B898A /* SwiftUI.framework */,
			);
			name = Frameworks;
			sourceTree = "<group>";
		};
		D00000000000000000000001 = {
			isa = PBXGroup;
			children = (
				D00000000000000000000002 /* SchoolAlarm */,
				20DB188D2F208ED7005B898A /* SchoolAlarmWidgets */,
				20DB18882F208ED7005B898A /* Frameworks */,
				D00000000000000000000010 /* Products */,
			);
			sourceTree = "<group>";
		};
		D00000000000000000000002 /* SchoolAlarm */ = {
			isa = PBXGroup;
			children = (
				20BC29AE2F00985900ABE913 /* SchoolAlarm.entitlements */,
				D00000000000000000000003 /* App */,
				D00000000000000000000004 /* Models */,
				D00000000000000000000005 /* Views */,
				D00000000000000000000006 /* Services */,
				D00000000000000000000007 /* Utilities */,
				D00000000000000000000008 /* Resources */,
			);
			path = SchoolAlarm;
			sourceTree = "<group>";
		};
		D00000000000000000000003 /* App */ = {
			isa = PBXGroup;
			children = (
				A00000000000000000000001 /* SchoolAlarmApp.swift */,
				A00000000000000000000002 /* ContentView.swift */,
			);
			path = App;
			sourceTree = "<group>";
		};
		D00000000000000000000004 /* Models */ = {
			isa = PBXGroup;
			children = (
				20366C762F21E146003AB342 /* District.swift */,
				A00000000000000000000003 /* Alarm.swift */,
				A00000000000000000000012 /* OverrideModels.swift */,
				A00000000000000000000013 /* OverrideStore.swift */,
				A00000000000000000000004 /* SchoolCalendar.swift */,
			);
			path = Models;
			sourceTree = "<group>";
		};
		D00000000000000000000005 /* Views */ = {
			isa = PBXGroup;
			children = (
				20CD77D22F26005600535720 /* SoundSelectionView.swift */,
				20366C782F21E150003AB342 /* DistrictSelectionView.swift */,
				20366C792F21E150003AB342 /* OnboardingView.swift */,
				A00000000000000000000008 /* AlarmEditView.swift */,
				A00000000000000000000010 /* CalendarView.swift */,
				A00000000000000000000014 /* WeeklyRuleEditView.swift */,
				A00000000000000000000015 /* DateOverrideEditView.swift */,
			);
			path = Views;
			sourceTree = "<group>";
		};
		D00000000000000000000006 /* Services */ = {
			isa = PBXGroup;
			children = (
				20EDDF6E2F29648800A46C5D /* DeepLinkManager.swift */,
				20CD77D02F26004300535720 /* CustomSoundManager.swift */,
				20366C7C2F21E15A003AB342 /* DistrictStore.swift */,
				20DB18DD2F20A33F005B898A /* AlarmKitManager.swift */,
				A00000000000000000000006 /* CalendarService.swift */,
			);
			path = Services;
			sourceTree = "<group>";
		};
		D00000000000000000000007 /* Utilities */ = {
			isa = PBXGroup;
			children = (
				A00000000000000000000005 /* ICSParser.swift */,
			);
			path = Utilities;
			sourceTree = "<group>";
		};
		D00000000000000000000008 /* Resources */ = {
			isa = PBXGroup;
			children = (
				20366C7E2F21E16F003AB342 /* districts.json */,
				20BEF3C92F0CA0EE0059D190 /* reveille.caf */,
				20BC29AF2F01015800ABE913 /* kid_shouting_1.caf */,
				20BC29B02F01015800ABE913 /* kid_shouting_2.caf */,
				20BC29AA2F00857800ABE913 /* click_ring.caf */,
				20BC29AB2F00857800ABE913 /* funny_ring.caf */,
				A00000000000000000000011 /* Assets.xcassets */,
			);
			path = Resources;
			sourceTree = "<group>";
		};
		D00000000000000000000010 /* Products */ = {
			isa = PBXGroup;
			children = (
				B00000000000000000000001 /* SchoolAlarm.app */,
				20DB18872F208ED7005B898A /* SchoolAlarmWidgetsExtension.appex */,
			);
			name = Products;
			sourceTree = "<group>";
		};
/* End PBXGroup section */

/* Begin PBXNativeTarget section */
		20DB18862F208ED7005B898A /* SchoolAlarmWidgetsExtension */ = {
			isa = PBXNativeTarget;
			buildConfigurationList = 20DB189E2F208ED9005B898A /* Build configuration list for PBXNativeTarget "SchoolAlarmWidgetsExtension" */;
			buildPhases = (
				20DB18832F208ED7005B898A /* Sources */,
				20DB18842F208ED7005B898A /* Frameworks */,
				20DB18852F208ED7005B898A /* Resources */,
			);
			buildRules = (
			);
			dependencies = (
			);
			fileSystemSynchronizedGroups = (
				20DB188D2F208ED7005B898A /* SchoolAlarmWidgets */,
			);
			name = SchoolAlarmWidgetsExtension;
			packageProductDependencies = (
			);
			productName = SchoolAlarmWidgetsExtension;
			productReference = 20DB18872F208ED7005B898A /* SchoolAlarmWidgetsExtension.appex */;
			productType = "com.apple.product-type.app-extension";
		};
		E00000000000000000000001 /* SchoolAlarm */ = {
			isa = PBXNativeTarget;
			buildConfigurationList = F00000000000000000000003 /* Build configuration list for PBXNativeTarget "SchoolAlarm" */;
			buildPhases = (
				E00000000000000000000002 /* Sources */,
				C00000000000000000000001 /* Frameworks */,
				E00000000000000000000003 /* Resources */,
				20DB189A2F208ED9005B898A /* Embed Foundation Extensions */,
			);
			buildRules = (
			);
			dependencies = (
				20DB18982F208ED9005B898A /* PBXTargetDependency */,
			);
			name = SchoolAlarm;
			productName = SchoolAlarm;
			productReference = B00000000000000000000001 /* SchoolAlarm.app */;
			productType = "com.apple.product-type.application";
		};
/* End PBXNativeTarget section */

/* Begin PBXProject section */
		E00000000000000000000010 /* Project object */ = {
			isa = PBXProject;
			attributes = {
				BuildIndependentTargetsInParallel = 1;
				LastSwiftUpdateCheck = 2620;
				LastUpgradeCheck = 2620;
				TargetAttributes = {
					20DB18862F208ED7005B898A = {
						CreatedOnToolsVersion = 26.2;
					};
					E00000000000000000000001 = {
						CreatedOnToolsVersion = 15.0;
					};
				};
			};
			buildConfigurationList = F00000000000000000000001 /* Build configuration list for PBXProject "SchoolAlarm" */;
			compatibilityVersion = "Xcode 14.0";
			developmentRegion = en;
			hasScannedForEncodings = 0;
			knownRegions = (
				en,
				Base,
			);
			mainGroup = D00000000000000000000001;
			productRefGroup = D00000000000000000000010 /* Products */;
			projectDirPath = "";
			projectRoot = "";
			targets = (
				E00000000000000000000001 /* SchoolAlarm */,
				20DB18862F208ED7005B898A /* SchoolAlarmWidgetsExtension */,
			);
		};
/* End PBXProject section */

/* Begin PBXResourcesBuildPhase section */
		20DB18852F208ED7005B898A /* Resources */ = {
			isa = PBXResourcesBuildPhase;
			buildActionMask = 2147483647;
			files = (
			);
			runOnlyForDeploymentPostprocessing = 0;
		};
		E00000000000000000000003 /* Resources */ = {
			isa = PBXResourcesBuildPhase;
			buildActionMask = 2147483647;
			files = (
				20BC29AC2F00857800ABE913 /* funny_ring.caf in Resources */,
				20BC29B12F01015800ABE913 /* kid_shouting_1.caf in Resources */,
				20366C7F2F21E16F003AB342 /* districts.json in Resources */,
				20BC29B22F01015800ABE913 /* kid_shouting_2.caf in Resources */,
				20BC29AD2F00857800ABE913 /* click_ring.caf in Resources */,
				20BEF3CA2F0CA0EE0059D190 /* reveille.caf in Resources */,
				A11111110000000000000011 /* Assets.xcassets in Resources */,
			);
			runOnlyForDeploymentPostprocessing = 0;
		};
/* End PBXResourcesBuildPhase section */

/* Begin PBXSourcesBuildPhase section */
		20DB18832F208ED7005B898A /* Sources */ = {
			isa = PBXSourcesBuildPhase;
			buildActionMask = 2147483647;
			files = (
			);
			runOnlyForDeploymentPostprocessing = 0;
		};
		E00000000000000000000002 /* Sources */ = {
			isa = PBXSourcesBuildPhase;
			buildActionMask = 2147483647;
			files = (
				20366C772F21E146003AB342 /* District.swift in Sources */,
				A11111110000000000000001 /* SchoolAlarmApp.swift in Sources */,
				A11111110000000000000002 /* ContentView.swift in Sources */,
				A11111110000000000000003 /* Alarm.swift in Sources */,
				A11111110000000000000004 /* SchoolCalendar.swift in Sources */,
				A11111110000000000000005 /* ICSParser.swift in Sources */,
				A11111110000000000000006 /* CalendarService.swift in Sources */,
				A11111110000000000000008 /* AlarmEditView.swift in Sources */,
				20DB18DE2F20A33F005B898A /* AlarmKitManager.swift in Sources */,
				20366C7A2F21E150003AB342 /* DistrictSelectionView.swift in Sources */,
				20366C7B2F21E150003AB342 /* OnboardingView.swift in Sources */,
				20EDDF6F2F29648800A46C5D /* DeepLinkManager.swift in Sources */,
				A11111110000000000000010 /* CalendarView.swift in Sources */,
				20366C7D2F21E15A003AB342 /* DistrictStore.swift in Sources */,
				A11111110000000000000012 /* OverrideModels.swift in Sources */,
				20CD77D12F26004300535720 /* CustomSoundManager.swift in Sources */,
				A11111110000000000000013 /* OverrideStore.swift in Sources */,
				20CD77D32F26005600535720 /* SoundSelectionView.swift in Sources */,
				A11111110000000000000014 /* WeeklyRuleEditView.swift in Sources */,
				A11111110000000000000015 /* DateOverrideEditView.swift in Sources */,
			);
			runOnlyForDeploymentPostprocessing = 0;
		};
/* End PBXSourcesBuildPhase section */

/* Begin PBXTargetDependency section */
		20DB18982F208ED9005B898A /* PBXTargetDependency */ = {
			isa = PBXTargetDependency;
			target = 20DB18862F208ED7005B898A /* SchoolAlarmWidgetsExtension */;
			targetProxy = 20DB18972F208ED9005B898A /* PBXContainerItemProxy */;
		};
/* End PBXTargetDependency section */

/* Begin XCBuildConfiguration section */
		20DB189B2F208ED9005B898A /* Debug */ = {
			isa = XCBuildConfiguration;
			buildSettings = {
				ASSETCATALOG_COMPILER_GLOBAL_ACCENT_COLOR_NAME = AccentColor;
				ASSETCATALOG_COMPILER_WIDGET_BACKGROUND_COLOR_NAME = WidgetBackground;
				CODE_SIGN_STYLE = Automatic;
				CURRENT_PROJECT_VERSION = 1;
				DEVELOPMENT_TEAM = 2PG4Z3FFS5;
				GENERATE_INFOPLIST_FILE = YES;
				INFOPLIST_FILE = SchoolAlarmWidgets/Info.plist;
				INFOPLIST_KEY_CFBundleDisplayName = SchoolAlarmWidgets;
				INFOPLIST_KEY_NSHumanReadableCopyright = "";
				IPHONEOS_DEPLOYMENT_TARGET = 26.2;
				LD_RUNPATH_SEARCH_PATHS = (
					"$(inherited)",
					"@executable_path/Frameworks",
					"@executable_path/../../Frameworks",
				);
				MARKETING_VERSION = 1.0;
				PRODUCT_BUNDLE_IDENTIFIER = com.schoolalarm.app.SchoolAlarmWidgets;
				PRODUCT_NAME = "$(TARGET_NAME)";
				SKIP_INSTALL = YES;
				STRING_CATALOG_GENERATE_SYMBOLS = YES;
				SWIFT_APPROACHABLE_CONCURRENCY = YES;
				SWIFT_EMIT_LOC_STRINGS = YES;
				SWIFT_UPCOMING_FEATURE_MEMBER_IMPORT_VISIBILITY = YES;
				SWIFT_VERSION = 5.0;
				TARGETED_DEVICE_FAMILY = "1,2";
			};
			name = Debug;
		};
		20DB189C2F208ED9005B898A /* Release */ = {
			isa = XCBuildConfiguration;
			buildSettings = {
				ASSETCATALOG_COMPILER_GLOBAL_ACCENT_COLOR_NAME = AccentColor;
				ASSETCATALOG_COMPILER_WIDGET_BACKGROUND_COLOR_NAME = WidgetBackground;
				CODE_SIGN_STYLE = Automatic;
				CURRENT_PROJECT_VERSION = 1;
				DEVELOPMENT_TEAM = 2PG4Z3FFS5;
				GENERATE_INFOPLIST_FILE = YES;
				INFOPLIST_FILE = SchoolAlarmWidgets/Info.plist;
				INFOPLIST_KEY_CFBundleDisplayName = SchoolAlarmWidgets;
				INFOPLIST_KEY_NSHumanReadableCopyright = "";
				IPHONEOS_DEPLOYMENT_TARGET = 26.2;
				LD_RUNPATH_SEARCH_PATHS = (
					"$(inherited)",
					"@executable_path/Frameworks",
					"@executable_path/../../Frameworks",
				);
				MARKETING_VERSION = 1.0;
				PRODUCT_BUNDLE_IDENTIFIER = com.schoolalarm.app.SchoolAlarmWidgets;
				PRODUCT_NAME = "$(TARGET_NAME)";
				SKIP_INSTALL = YES;
				STRING_CATALOG_GENERATE_SYMBOLS = YES;
				SWIFT_APPROACHABLE_CONCURRENCY = YES;
				SWIFT_EMIT_LOC_STRINGS = YES;
				SWIFT_UPCOMING_FEATURE_MEMBER_IMPORT_VISIBILITY = YES;
				SWIFT_VERSION = 5.0;
				TARGETED_DEVICE_FAMILY = "1,2";
			};
			name = Release;
		};
		F00000000000000000000010 /* Debug */ = {
			isa = XCBuildConfiguration;
			buildSettings = {
				ALWAYS_SEARCH_USER_PATHS = NO;
				ASSETCATALOG_COMPILER_GENERATE_SWIFT_ASSET_SYMBOL_EXTENSIONS = YES;
				CLANG_ANALYZER_NONNULL = YES;
				CLANG_ANALYZER_NUMBER_OBJECT_CONVERSION = YES_AGGRESSIVE;
				CLANG_CXX_LANGUAGE_STANDARD = "gnu++20";
				CLANG_ENABLE_MODULES = YES;
				CLANG_ENABLE_OBJC_ARC = YES;
				CLANG_ENABLE_OBJC_WEAK = YES;
				CLANG_WARN_BLOCK_CAPTURE_AUTORELEASING = YES;
				CLANG_WARN_BOOL_CONVERSION = YES;
				CLANG_WARN_COMMA = YES;
				CLANG_WARN_CONSTANT_CONVERSION = YES;
				CLANG_WARN_DEPRECATED_OBJC_IMPLEMENTATIONS = YES;
				CLANG_WARN_DIRECT_OBJC_ISA_USAGE = YES_ERROR;
				CLANG_WARN_DOCUMENTATION_COMMENTS = YES;
				CLANG_WARN_EMPTY_BODY = YES;
				CLANG_WARN_ENUM_CONVERSION = YES;
				CLANG_WARN_INFINITE_RECURSION = YES;
				CLANG_WARN_INT_CONVERSION = YES;
				CLANG_WARN_NON_LITERAL_NULL_CONVERSION = YES;
				CLANG_WARN_OBJC_IMPLICIT_RETAIN_SELF = YES;
				CLANG_WARN_OBJC_LITERAL_CONVERSION = YES;
				CLANG_WARN_OBJC_ROOT_CLASS = YES_ERROR;
				CLANG_WARN_QUOTED_INCLUDE_IN_FRAMEWORK_HEADER = YES;
				CLANG_WARN_RANGE_LOOP_ANALYSIS = YES;
				CLANG_WARN_STRICT_PROTOTYPES = YES;
				CLANG_WARN_SUSPICIOUS_MOVE = YES;
				CLANG_WARN_UNGUARDED_AVAILABILITY = YES_AGGRESSIVE;
				CLANG_WARN_UNREACHABLE_CODE = YES;
				CLANG_WARN__DUPLICATE_METHOD_MATCH = YES;
				COPY_PHASE_STRIP = NO;
				DEBUG_INFORMATION_FORMAT = dwarf;
				DEVELOPMENT_TEAM = 2PG4Z3FFS5;
				ENABLE_STRICT_OBJC_MSGSEND = YES;
				ENABLE_TESTABILITY = YES;
				ENABLE_USER_SCRIPT_SANDBOXING = YES;
				GCC_C_LANGUAGE_STANDARD = gnu17;
				GCC_DYNAMIC_NO_PIC = NO;
				GCC_NO_COMMON_BLOCKS = YES;
				GCC_OPTIMIZATION_LEVEL = 0;
				GCC_PREPROCESSOR_DEFINITIONS = (
					"DEBUG=1",
					"$(inherited)",
				);
				GCC_WARN_64_TO_32_BIT_CONVERSION = YES;
				GCC_WARN_ABOUT_RETURN_TYPE = YES_ERROR;
				GCC_WARN_UNDECLARED_SELECTOR = YES;
				GCC_WARN_UNINITIALIZED_AUTOS = YES_AGGRESSIVE;
				GCC_WARN_UNUSED_FUNCTION = YES;
				GCC_WARN_UNUSED_VARIABLE = YES;
				IPHONEOS_DEPLOYMENT_TARGET = 16.0;
				LOCALIZATION_PREFERS_STRING_CATALOGS = YES;
				MTL_ENABLE_DEBUG_INFO = INCLUDE_SOURCE;
				MTL_FAST_MATH = YES;
				ONLY_ACTIVE_ARCH = YES;
				SDKROOT = iphoneos;
				STRING_CATALOG_GENERATE_SYMBOLS = YES;
				SWIFT_ACTIVE_COMPILATION_CONDITIONS = "DEBUG $(inherited)";
				SWIFT_OPTIMIZATION_LEVEL = "-Onone";
			};
			name = Debug;
		};
		F00000000000000000000011 /* Release */ = {
			isa = XCBuildConfiguration;
			buildSettings = {
				ALWAYS_SEARCH_USER_PATHS = NO;
				ASSETCATALOG_COMPILER_GENERATE_SWIFT_ASSET_SYMBOL_EXTENSIONS = YES;
				CLANG_ANALYZER_NONNULL = YES;
				CLANG_ANALYZER_NUMBER_OBJECT_CONVERSION = YES_AGGRESSIVE;
				CLANG_CXX_LANGUAGE_STANDARD = "gnu++20";
				CLANG_ENABLE_MODULES = YES;
				CLANG_ENABLE_OBJC_ARC = YES;
				CLANG_ENABLE_OBJC_WEAK = YES;
				CLANG_WARN_BLOCK_CAPTURE_AUTORELEASING = YES;
				CLANG_WARN_BOOL_CONVERSION = YES;
				CLANG_WARN_COMMA = YES;
				CLANG_WARN_CONSTANT_CONVERSION = YES;
				CLANG_WARN_DEPRECATED_OBJC_IMPLEMENTATIONS = YES;
				CLANG_WARN_DIRECT_OBJC_ISA_USAGE = YES_ERROR;
				CLANG_WARN_DOCUMENTATION_COMMENTS = YES;
				CLANG_WARN_EMPTY_BODY = YES;
				CLANG_WARN_ENUM_CONVERSION = YES;
				CLANG_WARN_INFINITE_RECURSION = YES;
				CLANG_WARN_INT_CONVERSION = YES;
				CLANG_WARN_NON_LITERAL_NULL_CONVERSION = YES;
				CLANG_WARN_OBJC_IMPLICIT_RETAIN_SELF = YES;
				CLANG_WARN_OBJC_LITERAL_CONVERSION = YES;
				CLANG_WARN_OBJC_ROOT_CLASS = YES_ERROR;
				CLANG_WARN_QUOTED_INCLUDE_IN_FRAMEWORK_HEADER = YES;
				CLANG_WARN_RANGE_LOOP_ANALYSIS = YES;
				CLANG_WARN_STRICT_PROTOTYPES = YES;
				CLANG_WARN_SUSPICIOUS_MOVE = YES;
				CLANG_WARN_UNGUARDED_AVAILABILITY = YES_AGGRESSIVE;
				CLANG_WARN_UNREACHABLE_CODE = YES;
				CLANG_WARN__DUPLICATE_METHOD_MATCH = YES;
				COPY_PHASE_STRIP = NO;
				DEBUG_INFORMATION_FORMAT = "dwarf-with-dsym";
				DEVELOPMENT_TEAM = 2PG4Z3FFS5;
				ENABLE_NS_ASSERTIONS = NO;
				ENABLE_STRICT_OBJC_MSGSEND = YES;
				ENABLE_USER_SCRIPT_SANDBOXING = YES;
				GCC_C_LANGUAGE_STANDARD = gnu17;
				GCC_NO_COMMON_BLOCKS = YES;
				GCC_WARN_64_TO_32_BIT_CONVERSION = YES;
				GCC_WARN_ABOUT_RETURN_TYPE = YES_ERROR;
				GCC_WARN_UNDECLARED_SELECTOR = YES;
				GCC_WARN_UNINITIALIZED_AUTOS = YES_AGGRESSIVE;
				GCC_WARN_UNUSED_FUNCTION = YES;
				GCC_WARN_UNUSED_VARIABLE = YES;
				IPHONEOS_DEPLOYMENT_TARGET = 16.0;
				LOCALIZATION_PREFERS_STRING_CATALOGS = YES;
				MTL_ENABLE_DEBUG_INFO = NO;
				MTL_FAST_MATH = YES;
				SDKROOT = iphoneos;
				STRING_CATALOG_GENERATE_SYMBOLS = YES;
				SWIFT_COMPILATION_MODE = wholemodule;
				VALIDATE_PRODUCT = YES;
			};
			name = Release;
		};
		F00000000000000000000020 /* Debug */ = {
			isa = XCBuildConfiguration;
			buildSettings = {
				ASSETCATALOG_COMPILER_APPICON_NAME = AppIcon;
				ASSETCATALOG_COMPILER_GLOBAL_ACCENT_COLOR_NAME = AccentColor;
				"CODE_SIGN_ENTITLEMENTS[sdk=*]" = SchoolAlarm/SchoolAlarm.entitlements;
				CODE_SIGN_STYLE = Automatic;
				CURRENT_PROJECT_VERSION = 1;
				DEVELOPMENT_TEAM = 2PG4Z3FFS5;
				GENERATE_INFOPLIST_FILE = YES;
				INFOPLIST_FILE = SchoolAlarm/Info.plist;
				INFOPLIST_KEY_UIApplicationSceneManifest_Generation = YES;
				INFOPLIST_KEY_UIApplicationSupportsIndirectInputEvents = YES;
				INFOPLIST_KEY_UILaunchScreen_Generation = YES;
				INFOPLIST_KEY_UISupportedInterfaceOrientations_iPad = "UIInterfaceOrientationPortrait UIInterfaceOrientationPortraitUpsideDown UIInterfaceOrientationLandscapeLeft UIInterfaceOrientationLandscapeRight";
				INFOPLIST_KEY_UISupportedInterfaceOrientations_iPhone = "UIInterfaceOrientationPortrait UIInterfaceOrientationLandscapeLeft UIInterfaceOrientationLandscapeRight";
				IPHONEOS_DEPLOYMENT_TARGET = 26.0;
				LD_RUNPATH_SEARCH_PATHS = (
					"$(inherited)",
					"@executable_path/Frameworks",
				);
				MARKETING_VERSION = 1.0;
				PRODUCT_BUNDLE_IDENTIFIER = com.schoolalarm.app;
				PRODUCT_NAME = "$(TARGET_NAME)";
				SWIFT_EMIT_LOC_STRINGS = YES;
				SWIFT_VERSION = 5.0;
				TARGETED_DEVICE_FAMILY = "1,2";
			};
			name = Debug;
		};
		F00000000000000000000021 /* Release */ = {
			isa = XCBuildConfiguration;
			buildSettings = {
				ASSETCATALOG_COMPILER_APPICON_NAME = AppIcon;
				ASSETCATALOG_COMPILER_GLOBAL_ACCENT_COLOR_NAME = AccentColor;
				"CODE_SIGN_ENTITLEMENTS[sdk=*]" = SchoolAlarm/SchoolAlarm.entitlements;
				CODE_SIGN_STYLE = Automatic;
				CURRENT_PROJECT_VERSION = 1;
				DEVELOPMENT_TEAM = 2PG4Z3FFS5;
				GENERATE_INFOPLIST_FILE = YES;
				INFOPLIST_FILE = SchoolAlarm/Info.plist;
				INFOPLIST_KEY_UIApplicationSceneManifest_Generation = YES;
				INFOPLIST_KEY_UIApplicationSupportsIndirectInputEvents = YES;
				INFOPLIST_KEY_UILaunchScreen_Generation = YES;
				INFOPLIST_KEY_UISupportedInterfaceOrientations_iPad = "UIInterfaceOrientationPortrait UIInterfaceOrientationPortraitUpsideDown UIInterfaceOrientationLandscapeLeft UIInterfaceOrientationLandscapeRight";
				INFOPLIST_KEY_UISupportedInterfaceOrientations_iPhone = "UIInterfaceOrientationPortrait UIInterfaceOrientationLandscapeLeft UIInterfaceOrientationLandscapeRight";
				IPHONEOS_DEPLOYMENT_TARGET = 26.0;
				LD_RUNPATH_SEARCH_PATHS = (
					"$(inherited)",
					"@executable_path/Frameworks",
				);
				MARKETING_VERSION = 1.0;
				PRODUCT_BUNDLE_IDENTIFIER = com.schoolalarm.app;
				PRODUCT_NAME = "$(TARGET_NAME)";
				SWIFT_EMIT_LOC_STRINGS = YES;
				SWIFT_VERSION = 5.0;
				TARGETED_DEVICE_FAMILY = "1,2";
			};
			name = Release;
		};
/* End XCBuildConfiguration section */

/* Begin XCConfigurationList section */
		20DB189E2F208ED9005B898A /* Build configuration list for PBXNativeTarget "SchoolAlarmWidgetsExtension" */ = {
			isa = XCConfigurationList;
			buildConfigurations = (
				20DB189B2F208ED9005B898A /* Debug */,
				20DB189C2F208ED9005B898A /* Release */,
			);
			defaultConfigurationIsVisible = 0;
			defaultConfigurationName = Release;
		};
		F00000000000000000000001 /* Build configuration list for PBXProject "SchoolAlarm" */ = {
			isa = XCConfigurationList;
			buildConfigurations = (
				F00000000000000000000010 /* Debug */,
				F00000000000000000000011 /* Release */,
			);
			defaultConfigurationIsVisible = 0;
			defaultConfigurationName = Release;
		};
		F00000000000000000000003 /* Build configuration list for PBXNativeTarget "SchoolAlarm" */ = {
			isa = XCConfigurationList;
			buildConfigurations = (
				F00000000000000000000020 /* Debug */,
				F00000000000000000000021 /* Release */,
			);
			defaultConfigurationIsVisible = 0;
			defaultConfigurationName = Release;
		};
/* End XCConfigurationList section */
	};
	rootObject = E00000000000000000000010 /* Project object */;
}
